
Microsoft Visual Studio Solution File, Format Version 12.00
# Visual Studio Version 17
VisualStudioVersion = 17.4.33122.133
MinimumVisualStudioVersion = 10.0.40219.1
Project("{FAE04EC0-301F-11D3-BF4B-00C04F79EFBC}") = "JornadaMilhasAPI", "JornadaMilhasAPI\JornadaMilhasAPI.csproj", "{4C7A8FA9-A834-45A5-BF9C-A5976BF5C1C7}"
EndProject
Global
	GlobalSection(SolutionConfigurationPlatforms) = preSolution
		Debug|Any CPU = Debug|Any CPU
		Release|Any CPU = Release|Any CPU
	EndGlobalSection
	GlobalSection(ProjectConfigurationPlatforms) = postSolution
		{4C7A8FA9-A834-45A5-BF9C-A5976BF5C1C7}.Debug|Any CPU.ActiveCfg = Debug|Any CPU
		{4C7A8FA9-A834-45A5-BF9C-A5976BF5C1C7}.Debug|Any CPU.Build.0 = Debug|Any CPU
		{4C7A8FA9-A834-45A5-BF9C-A5976BF5C1C7}.Release|Any CPU.ActiveCfg = Release|Any CPU
		{4C7A8FA9-A834-45A5-BF9C-A5976BF5C1C7}.Release|Any CPU.Build.0 = Release|Any CPU
	EndGlobalSection
	GlobalSection(SolutionProperties) = preSolution
		HideSolutionNode = FALSE
	EndGlobalSection
	GlobalSection(ExtensibilityGlobals) = postSolution
		SolutionGuid = {F1C283E3-EBD4-436F-A82B-4E056CD37E53}
	EndGlobalSection
EndGlobal
